
Microsoft Visual Studio Solution File, Format Version 12.00
# Visual Studio 15
VisualStudioVersion = 15.0.27004.2006
MinimumVisualStudioVersion = 10.0.40219.1
Project("{8BC9CEB8-8B4A-11D0-8D11-00A0C91BC942}") = "MouseHookDLL", "MouseHookDLL\MouseHookDLL.vcxproj", "{F7B42222-61C2-46FE-A4B4-7C62711EC830}"
EndProject
Project("{FAE04EC0-301F-11D3-BF4B-00C04F79EFBC}") = "JoystickTest", "JoystickTest\JoystickTest.csproj", "{00F3ED1F-8961-4768-9D2D-2A64819FBE4F}"
	ProjectSection(ProjectDependencies) = postProject
		{F7B42222-61C2-46FE-A4B4-7C62711EC830} = {F7B42222-61C2-46FE-A4B4-7C62711EC830}
	EndProjectSection
EndProject
Global
	GlobalSection(SolutionConfigurationPlatforms) = preSolution
		Debug|x86 = Debug|x86
		Release|x86 = Release|x86
	EndGlobalSection
	GlobalSection(ProjectConfigurationPlatforms) = postSolution
		{F7B42222-61C2-46FE-A4B4-7C62711EC830}.Debug|x86.ActiveCfg = Debug|Win32
		{F7B42222-61C2-46FE-A4B4-7C62711EC830}.Debug|x86.Build.0 = Debug|Win32
		{F7B42222-61C2-46FE-A4B4-7C62711EC830}.Release|x86.ActiveCfg = Release|Win32
		{F7B42222-61C2-46FE-A4B4-7C62711EC830}.Release|x86.Build.0 = Release|Win32
		{00F3ED1F-8961-4768-9D2D-2A64819FBE4F}.Debug|x86.ActiveCfg = Debug|Any CPU
		{00F3ED1F-8961-4768-9D2D-2A64819FBE4F}.Debug|x86.Build.0 = Debug|Any CPU
		{00F3ED1F-8961-4768-9D2D-2A64819FBE4F}.Release|x86.ActiveCfg = Release|Any CPU
		{00F3ED1F-8961-4768-9D2D-2A64819FBE4F}.Release|x86.Build.0 = Release|Any CPU
	EndGlobalSection
	GlobalSection(SolutionProperties) = preSolution
		HideSolutionNode = FALSE
	EndGlobalSection
	GlobalSection(ExtensibilityGlobals) = postSolution
		SolutionGuid = {2E4B67AB-7BCD-41B8-B9C9-C7FA60814EFB}
	EndGlobalSection
EndGlobal
